
Microsoft Visual Studio Solution File, Format Version 12.00
# Visual Studio Version 17
VisualStudioVersion = 17.5.002.0
MinimumVisualStudioVersion = 10.0.40219.1
Project("{9A19103F-16F7-4668-BE54-9A1E7A4F7556}") = "OOPLR4", "OOPLR4.csproj", "{C44A6211-B13D-43A5-A24B-3ED639A3333E}"
EndProject
Global
	GlobalSection(SolutionConfigurationPlatforms) = preSolution
		Debug|Any CPU = Debug|Any CPU
		Release|Any CPU = Release|Any CPU
	EndGlobalSection
	GlobalSection(ProjectConfigurationPlatforms) = postSolution
		{C44A6211-B13D-43A5-A24B-3ED639A3333E}.Debug|Any CPU.ActiveCfg = Debug|Any CPU
		{C44A6211-B13D-43A5-A24B-3ED639A3333E}.Debug|Any CPU.Build.0 = Debug|Any CPU
		{C44A6211-B13D-43A5-A24B-3ED639A3333E}.Release|Any CPU.ActiveCfg = Release|Any CPU
		{C44A6211-B13D-43A5-A24B-3ED639A3333E}.Release|Any CPU.Build.0 = Release|Any CPU
	EndGlobalSection
	GlobalSection(SolutionProperties) = preSolution
		HideSolutionNode = FALSE
	EndGlobalSection
	GlobalSection(ExtensibilityGlobals) = postSolution
		SolutionGuid = {7A4B1951-5534-4CBD-A788-B226AE81F6C7}
	EndGlobalSection
EndGlobal
