
Microsoft Visual Studio Solution File, Format Version 12.00
# Visual Studio Version 17
VisualStudioVersion = 17.5.002.0
MinimumVisualStudioVersion = 10.0.40219.1
Project("{9A19103F-16F7-4668-BE54-9A1E7A4F7556}") = "OOPLR2", "OOPLR2.csproj", "{8BD0093A-E68B-48C4-A659-9FF647B232CF}"
EndProject
Global
	GlobalSection(SolutionConfigurationPlatforms) = preSolution
		Debug|Any CPU = Debug|Any CPU
		Release|Any CPU = Release|Any CPU
	EndGlobalSection
	GlobalSection(ProjectConfigurationPlatforms) = postSolution
		{8BD0093A-E68B-48C4-A659-9FF647B232CF}.Debug|Any CPU.ActiveCfg = Debug|Any CPU
		{8BD0093A-E68B-48C4-A659-9FF647B232CF}.Debug|Any CPU.Build.0 = Debug|Any CPU
		{8BD0093A-E68B-48C4-A659-9FF647B232CF}.Release|Any CPU.ActiveCfg = Release|Any CPU
		{8BD0093A-E68B-48C4-A659-9FF647B232CF}.Release|Any CPU.Build.0 = Release|Any CPU
		{4EB8278D-71A0-429A-AB8C-8F66DBDA86BB}.Debug|Any CPU.ActiveCfg = Debug|Any CPU
		{4EB8278D-71A0-429A-AB8C-8F66DBDA86BB}.Debug|Any CPU.Build.0 = Debug|Any CPU
		{4EB8278D-71A0-429A-AB8C-8F66DBDA86BB}.Release|Any CPU.ActiveCfg = Release|Any CPU
		{4EB8278D-71A0-429A-AB8C-8F66DBDA86BB}.Release|Any CPU.Build.0 = Release|Any CPU
	EndGlobalSection
	GlobalSection(SolutionProperties) = preSolution
		HideSolutionNode = FALSE
	EndGlobalSection
	GlobalSection(ExtensibilityGlobals) = postSolution
		SolutionGuid = {DBA225AF-16D4-4796-9FF1-D8DBC0A15A38}
	EndGlobalSection
EndGlobal
